
Microsoft Visual Studio Solution File, Format Version 12.00
# Visual Studio Version 17
VisualStudioVersion = 17.14.36221.1 d17.14
MinimumVisualStudioVersion = 10.0.40219.1
Project("{FAE04EC0-301F-11D3-BF4B-00C04F79EFBC}") = "Estrategos", "Estrategos.csproj", "{6C2D3A55-8F14-4424-860B-CE685CE3EA75}"
EndProject
Project("{FAE04EC0-301F-11D3-BF4B-00C04F79EFBC}") = "TestProject1", "..\TestProject1\TestProject1.csproj", "{F110D8C8-CFE9-4DD4-B745-8A19BB1BE5E1}"
EndProject
Global
	GlobalSection(SolutionConfigurationPlatforms) = preSolution
		Debug|Any CPU = Debug|Any CPU
		Release|Any CPU = Release|Any CPU
	EndGlobalSection
	GlobalSection(ProjectConfigurationPlatforms) = postSolution
		{6C2D3A55-8F14-4424-860B-CE685CE3EA75}.Debug|Any CPU.ActiveCfg = Debug|Any CPU
		{6C2D3A55-8F14-4424-860B-CE685CE3EA75}.Debug|Any CPU.Build.0 = Debug|Any CPU
		{6C2D3A55-8F14-4424-860B-CE685CE3EA75}.Release|Any CPU.ActiveCfg = Release|Any CPU
		{6C2D3A55-8F14-4424-860B-CE685CE3EA75}.Release|Any CPU.Build.0 = Release|Any CPU
		{F110D8C8-CFE9-4DD4-B745-8A19BB1BE5E1}.Debug|Any CPU.ActiveCfg = Debug|Any CPU
		{F110D8C8-CFE9-4DD4-B745-8A19BB1BE5E1}.Debug|Any CPU.Build.0 = Debug|Any CPU
		{F110D8C8-CFE9-4DD4-B745-8A19BB1BE5E1}.Release|Any CPU.ActiveCfg = Release|Any CPU
		{F110D8C8-CFE9-4DD4-B745-8A19BB1BE5E1}.Release|Any CPU.Build.0 = Release|Any CPU
	EndGlobalSection
	GlobalSection(SolutionProperties) = preSolution
		HideSolutionNode = FALSE
	EndGlobalSection
	GlobalSection(ExtensibilityGlobals) = postSolution
		SolutionGuid = {B43C145A-22DD-4812-9C5B-7CA0BB72F514}
	EndGlobalSection
EndGlobal
